
Microsoft Visual Studio Solution File, Format Version 12.00
# Visual Studio 15
VisualStudioVersion = 15.0.27428.2043
MinimumVisualStudioVersion = 10.0.40219.1
Project("{FAE04EC0-301F-11D3-BF4B-00C04F79EFBC}") = "TrackAdemy", "TrackAdemy\TrackAdemy.csproj", "{77A94C69-EBA5-4F50-BD93-56193048762E}"
EndProject
Project("{FAE04EC0-301F-11D3-BF4B-00C04F79EFBC}") = "TrackAdemy.Tests", "TrackAdemy.Tests\TrackAdemy.Tests.csproj", "{F48E1A2A-55BA-4BBE-B2DD-ADA551A55E04}"
EndProject
Global
	GlobalSection(SolutionConfigurationPlatforms) = preSolution
		Debug|Any CPU = Debug|Any CPU
		Release|Any CPU = Release|Any CPU
	EndGlobalSection
	GlobalSection(ProjectConfigurationPlatforms) = postSolution
		{77A94C69-EBA5-4F50-BD93-56193048762E}.Debug|Any CPU.ActiveCfg = Debug|Any CPU
		{77A94C69-EBA5-4F50-BD93-56193048762E}.Debug|Any CPU.Build.0 = Debug|Any CPU
		{77A94C69-EBA5-4F50-BD93-56193048762E}.Release|Any CPU.ActiveCfg = Release|Any CPU
		{77A94C69-EBA5-4F50-BD93-56193048762E}.Release|Any CPU.Build.0 = Release|Any CPU
		{F48E1A2A-55BA-4BBE-B2DD-ADA551A55E04}.Debug|Any CPU.ActiveCfg = Debug|Any CPU
		{F48E1A2A-55BA-4BBE-B2DD-ADA551A55E04}.Debug|Any CPU.Build.0 = Debug|Any CPU
		{F48E1A2A-55BA-4BBE-B2DD-ADA551A55E04}.Release|Any CPU.ActiveCfg = Release|Any CPU
		{F48E1A2A-55BA-4BBE-B2DD-ADA551A55E04}.Release|Any CPU.Build.0 = Release|Any CPU
	EndGlobalSection
	GlobalSection(SolutionProperties) = preSolution
		HideSolutionNode = FALSE
	EndGlobalSection
	GlobalSection(ExtensibilityGlobals) = postSolution
		SolutionGuid = {80B5DB13-8617-4DFD-AFD1-E3225B3B48FA}
	EndGlobalSection
EndGlobal
